{
  "name": "localstorage",
  "version": "1.0.0",
  "lockfileVersion": 3,
  "requires": true,
  "packages": {
    "": {
      "name": "localstorage",
      "version": "1.0.0",
      "license": "ISC",
      "dependencies": {
        "db64": "^0.7.2"
      }
    },
    "node_modules/db64": {
      "version": "0.7.2",
      "resolved": "https://registry.npmjs.org/db64/-/db64-0.7.2.tgz",
      "integrity": "sha512-5d8J7vhUYVAmdlz4hs1ADTMp4ysRsbKICtI6Z+XUsSISXUQ3CqYvSoimurjoh07aTS0xZyGZJLmBFDdxGvjvUA=="
    }
  }
}
